
Microsoft Visual Studio Solution File, Format Version 12.00
# Visual Studio Version 16
VisualStudioVersion = 16.0.29521.150
MinimumVisualStudioVersion = 10.0.40219.1
Project("{9A19103F-16F7-4668-BE54-9A1E7A4F7556}") = "BPCM-CLI", "BPCM-CLI\BPCM-CLI.csproj", "{FF7E1EA3-56B6-48F4-8C47-0B446B053268}"
	ProjectSection(ProjectDependencies) = postProject
		{44EBF0EC-FD83-4F13-8589-0942B6DB90D1} = {44EBF0EC-FD83-4F13-8589-0942B6DB90D1}
	EndProjectSection
EndProject
Project("{9A19103F-16F7-4668-BE54-9A1E7A4F7556}") = "Compressors", "Compressors\Compressors.csproj", "{4132D396-A690-4F62-B803-440D806891D9}"
EndProject
Project("{9A19103F-16F7-4668-BE54-9A1E7A4F7556}") = "Pcm", "PCM\Pcm.csproj", "{6F5B2531-02FA-460D-A275-B340CE4680AD}"
EndProject
Project("{FAE04EC0-301F-11D3-BF4B-00C04F79EFBC}") = "BPCM", "BPCM\BPCM.csproj", "{44EBF0EC-FD83-4F13-8589-0942B6DB90D1}"
	ProjectSection(ProjectDependencies) = postProject
		{6F5B2531-02FA-460D-A275-B340CE4680AD} = {6F5B2531-02FA-460D-A275-B340CE4680AD}
		{4132D396-A690-4F62-B803-440D806891D9} = {4132D396-A690-4F62-B803-440D806891D9}
	EndProjectSection
EndProject
Project("{FAE04EC0-301F-11D3-BF4B-00C04F79EFBC}") = "NAudioLitle", "NAudioLitle\NAudioLitle.csproj", "{D108861F-F1B3-433B-9AB1-93032E7D843F}"
EndProject
Global
	GlobalSection(SolutionConfigurationPlatforms) = preSolution
		Debug|Any CPU = Debug|Any CPU
		Debug|x64 = Debug|x64
		Debug|x86 = Debug|x86
		Release|Any CPU = Release|Any CPU
		Release|x64 = Release|x64
		Release|x86 = Release|x86
	EndGlobalSection
	GlobalSection(ProjectConfigurationPlatforms) = postSolution
		{FF7E1EA3-56B6-48F4-8C47-0B446B053268}.Debug|Any CPU.ActiveCfg = Debug|Any CPU
		{FF7E1EA3-56B6-48F4-8C47-0B446B053268}.Debug|Any CPU.Build.0 = Debug|Any CPU
		{FF7E1EA3-56B6-48F4-8C47-0B446B053268}.Debug|x64.ActiveCfg = Debug|Any CPU
		{FF7E1EA3-56B6-48F4-8C47-0B446B053268}.Debug|x64.Build.0 = Debug|Any CPU
		{FF7E1EA3-56B6-48F4-8C47-0B446B053268}.Debug|x86.ActiveCfg = Debug|Any CPU
		{FF7E1EA3-56B6-48F4-8C47-0B446B053268}.Debug|x86.Build.0 = Debug|Any CPU
		{FF7E1EA3-56B6-48F4-8C47-0B446B053268}.Release|Any CPU.ActiveCfg = Release|Any CPU
		{FF7E1EA3-56B6-48F4-8C47-0B446B053268}.Release|Any CPU.Build.0 = Release|Any CPU
		{FF7E1EA3-56B6-48F4-8C47-0B446B053268}.Release|x64.ActiveCfg = Release|Any CPU
		{FF7E1EA3-56B6-48F4-8C47-0B446B053268}.Release|x64.Build.0 = Release|Any CPU
		{FF7E1EA3-56B6-48F4-8C47-0B446B053268}.Release|x86.ActiveCfg = Release|Any CPU
		{FF7E1EA3-56B6-48F4-8C47-0B446B053268}.Release|x86.Build.0 = Release|Any CPU
		{4132D396-A690-4F62-B803-440D806891D9}.Debug|Any CPU.ActiveCfg = Debug|Any CPU
		{4132D396-A690-4F62-B803-440D806891D9}.Debug|Any CPU.Build.0 = Debug|Any CPU
		{4132D396-A690-4F62-B803-440D806891D9}.Debug|x64.ActiveCfg = Debug|Any CPU
		{4132D396-A690-4F62-B803-440D806891D9}.Debug|x64.Build.0 = Debug|Any CPU
		{4132D396-A690-4F62-B803-440D806891D9}.Debug|x86.ActiveCfg = Debug|Any CPU
		{4132D396-A690-4F62-B803-440D806891D9}.Debug|x86.Build.0 = Debug|Any CPU
		{4132D396-A690-4F62-B803-440D806891D9}.Release|Any CPU.ActiveCfg = Release|Any CPU
		{4132D396-A690-4F62-B803-440D806891D9}.Release|Any CPU.Build.0 = Release|Any CPU
		{4132D396-A690-4F62-B803-440D806891D9}.Release|x64.ActiveCfg = Release|Any CPU
		{4132D396-A690-4F62-B803-440D806891D9}.Release|x64.Build.0 = Release|Any CPU
		{4132D396-A690-4F62-B803-440D806891D9}.Release|x86.ActiveCfg = Release|Any CPU
		{4132D396-A690-4F62-B803-440D806891D9}.Release|x86.Build.0 = Release|Any CPU
		{6F5B2531-02FA-460D-A275-B340CE4680AD}.Debug|Any CPU.ActiveCfg = Debug|Any CPU
		{6F5B2531-02FA-460D-A275-B340CE4680AD}.Debug|Any CPU.Build.0 = Debug|Any CPU
		{6F5B2531-02FA-460D-A275-B340CE4680AD}.Debug|x64.ActiveCfg = Debug|Any CPU
		{6F5B2531-02FA-460D-A275-B340CE4680AD}.Debug|x64.Build.0 = Debug|Any CPU
		{6F5B2531-02FA-460D-A275-B340CE4680AD}.Debug|x86.ActiveCfg = Debug|Any CPU
		{6F5B2531-02FA-460D-A275-B340CE4680AD}.Debug|x86.Build.0 = Debug|Any CPU
		{6F5B2531-02FA-460D-A275-B340CE4680AD}.Release|Any CPU.ActiveCfg = Release|Any CPU
		{6F5B2531-02FA-460D-A275-B340CE4680AD}.Release|Any CPU.Build.0 = Release|Any CPU
		{6F5B2531-02FA-460D-A275-B340CE4680AD}.Release|x64.ActiveCfg = Release|Any CPU
		{6F5B2531-02FA-460D-A275-B340CE4680AD}.Release|x64.Build.0 = Release|Any CPU
		{6F5B2531-02FA-460D-A275-B340CE4680AD}.Release|x86.ActiveCfg = Release|Any CPU
		{6F5B2531-02FA-460D-A275-B340CE4680AD}.Release|x86.Build.0 = Release|Any CPU
		{44EBF0EC-FD83-4F13-8589-0942B6DB90D1}.Debug|Any CPU.ActiveCfg = Debug|Any CPU
		{44EBF0EC-FD83-4F13-8589-0942B6DB90D1}.Debug|Any CPU.Build.0 = Debug|Any CPU
		{44EBF0EC-FD83-4F13-8589-0942B6DB90D1}.Debug|x64.ActiveCfg = Debug|Any CPU
		{44EBF0EC-FD83-4F13-8589-0942B6DB90D1}.Debug|x64.Build.0 = Debug|Any CPU
		{44EBF0EC-FD83-4F13-8589-0942B6DB90D1}.Debug|x86.ActiveCfg = Debug|Any CPU
		{44EBF0EC-FD83-4F13-8589-0942B6DB90D1}.Debug|x86.Build.0 = Debug|Any CPU
		{44EBF0EC-FD83-4F13-8589-0942B6DB90D1}.Release|Any CPU.ActiveCfg = Release|Any CPU
		{44EBF0EC-FD83-4F13-8589-0942B6DB90D1}.Release|Any CPU.Build.0 = Release|Any CPU
		{44EBF0EC-FD83-4F13-8589-0942B6DB90D1}.Release|x64.ActiveCfg = Release|Any CPU
		{44EBF0EC-FD83-4F13-8589-0942B6DB90D1}.Release|x64.Build.0 = Release|Any CPU
		{44EBF0EC-FD83-4F13-8589-0942B6DB90D1}.Release|x86.ActiveCfg = Release|Any CPU
		{44EBF0EC-FD83-4F13-8589-0942B6DB90D1}.Release|x86.Build.0 = Release|Any CPU
		{D108861F-F1B3-433B-9AB1-93032E7D843F}.Debug|Any CPU.ActiveCfg = Debug|Any CPU
		{D108861F-F1B3-433B-9AB1-93032E7D843F}.Debug|Any CPU.Build.0 = Debug|Any CPU
		{D108861F-F1B3-433B-9AB1-93032E7D843F}.Debug|x64.ActiveCfg = Debug|Any CPU
		{D108861F-F1B3-433B-9AB1-93032E7D843F}.Debug|x64.Build.0 = Debug|Any CPU
		{D108861F-F1B3-433B-9AB1-93032E7D843F}.Debug|x86.ActiveCfg = Debug|Any CPU
		{D108861F-F1B3-433B-9AB1-93032E7D843F}.Debug|x86.Build.0 = Debug|Any CPU
		{D108861F-F1B3-433B-9AB1-93032E7D843F}.Release|Any CPU.ActiveCfg = Release|Any CPU
		{D108861F-F1B3-433B-9AB1-93032E7D843F}.Release|Any CPU.Build.0 = Release|Any CPU
		{D108861F-F1B3-433B-9AB1-93032E7D843F}.Release|x64.ActiveCfg = Release|Any CPU
		{D108861F-F1B3-433B-9AB1-93032E7D843F}.Release|x64.Build.0 = Release|Any CPU
		{D108861F-F1B3-433B-9AB1-93032E7D843F}.Release|x86.ActiveCfg = Release|Any CPU
		{D108861F-F1B3-433B-9AB1-93032E7D843F}.Release|x86.Build.0 = Release|Any CPU
	EndGlobalSection
	GlobalSection(SolutionProperties) = preSolution
		HideSolutionNode = FALSE
	EndGlobalSection
	GlobalSection(ExtensibilityGlobals) = postSolution
		SolutionGuid = {AA32E369-93B8-4313-B97D-2045D2A2181F}
	EndGlobalSection
EndGlobal
